
Microsoft Visual Studio Solution File, Format Version 12.00
# Visual Studio 15
VisualStudioVersion = 15.0.28307.645
MinimumVisualStudioVersion = 10.0.40219.1
Project("{FAE04EC0-301F-11D3-BF4B-00C04F79EFBC}") = "Chapter2", "Chapter2\Chapter2.csproj", "{2E6ABCB0-2499-47A9-A044-D6E6B50FBF02}"
EndProject
Project("{FAE04EC0-301F-11D3-BF4B-00C04F79EFBC}") = "UnboundedStackTest", "UnboundedStackTest\UnboundedStackTest.csproj", "{1BFC7BEF-9A3E-4339-9654-56A328FA8FBD}"
EndProject
Global
	GlobalSection(SolutionConfigurationPlatforms) = preSolution
		Debug|Any CPU = Debug|Any CPU
		Release|Any CPU = Release|Any CPU
	EndGlobalSection
	GlobalSection(ProjectConfigurationPlatforms) = postSolution
		{2E6ABCB0-2499-47A9-A044-D6E6B50FBF02}.Debug|Any CPU.ActiveCfg = Debug|Any CPU
		{2E6ABCB0-2499-47A9-A044-D6E6B50FBF02}.Debug|Any CPU.Build.0 = Debug|Any CPU
		{2E6ABCB0-2499-47A9-A044-D6E6B50FBF02}.Release|Any CPU.ActiveCfg = Release|Any CPU
		{2E6ABCB0-2499-47A9-A044-D6E6B50FBF02}.Release|Any CPU.Build.0 = Release|Any CPU
		{1BFC7BEF-9A3E-4339-9654-56A328FA8FBD}.Debug|Any CPU.ActiveCfg = Debug|Any CPU
		{1BFC7BEF-9A3E-4339-9654-56A328FA8FBD}.Debug|Any CPU.Build.0 = Debug|Any CPU
		{1BFC7BEF-9A3E-4339-9654-56A328FA8FBD}.Release|Any CPU.ActiveCfg = Release|Any CPU
		{1BFC7BEF-9A3E-4339-9654-56A328FA8FBD}.Release|Any CPU.Build.0 = Release|Any CPU
	EndGlobalSection
	GlobalSection(SolutionProperties) = preSolution
		HideSolutionNode = FALSE
	EndGlobalSection
	GlobalSection(ExtensibilityGlobals) = postSolution
		SolutionGuid = {CD6495F8-A7C9-4C16-9184-CACE78D4227E}
	EndGlobalSection
EndGlobal
